
Microsoft Visual Studio Solution File, Format Version 12.00
# Visual Studio Version 17
VisualStudioVersion = 17.4.33015.44
MinimumVisualStudioVersion = 10.0.40219.1
Project("{9A19103F-16F7-4668-BE54-9A1E7A4F7556}") = "PizzaConf.Menu.Api", "PizzaConf.Menu.Api\PizzaConf.Menu.Api.csproj", "{1F251B14-8D5F-484F-89D5-07CFF5DC84D7}"
EndProject
Project("{9A19103F-16F7-4668-BE54-9A1E7A4F7556}") = "PizzaConf.Models", "PizzaConf.Models\PizzaConf.Models.csproj", "{D6CD8F14-5B36-479A-A44F-9AFE71BE2EB0}"
EndProject
Project("{9A19103F-16F7-4668-BE54-9A1E7A4F7556}") = "PizzaConf.Checkout.Api", "PizzaConf.Checkout.Api\PizzaConf.Checkout.Api.csproj", "{9A74FFB4-3F2A-45B6-9261-A27E4D5AAEF7}"
EndProject
Project("{9A19103F-16F7-4668-BE54-9A1E7A4F7556}") = "PizzaConf.Web", "PizzaConf.Web\PizzaConf.Web.csproj", "{640ED021-C955-4CBE-B95F-001081B13184}"
EndProject
Project("{FAE04EC0-301F-11D3-BF4B-00C04F79EFBC}") = "PizzaConf.DeliveryTracker", "PizzaConf.DeliveryTracker\PizzaConf.DeliveryTracker.csproj", "{E22D2F85-B3F0-44FA-B69A-44E1967823AE}"
EndProject
Global
	GlobalSection(SolutionConfigurationPlatforms) = preSolution
		Debug|Any CPU = Debug|Any CPU
		Release|Any CPU = Release|Any CPU
	EndGlobalSection
	GlobalSection(ProjectConfigurationPlatforms) = postSolution
		{1F251B14-8D5F-484F-89D5-07CFF5DC84D7}.Debug|Any CPU.ActiveCfg = Debug|Any CPU
		{1F251B14-8D5F-484F-89D5-07CFF5DC84D7}.Debug|Any CPU.Build.0 = Debug|Any CPU
		{1F251B14-8D5F-484F-89D5-07CFF5DC84D7}.Release|Any CPU.ActiveCfg = Release|Any CPU
		{1F251B14-8D5F-484F-89D5-07CFF5DC84D7}.Release|Any CPU.Build.0 = Release|Any CPU
		{D6CD8F14-5B36-479A-A44F-9AFE71BE2EB0}.Debug|Any CPU.ActiveCfg = Debug|Any CPU
		{D6CD8F14-5B36-479A-A44F-9AFE71BE2EB0}.Debug|Any CPU.Build.0 = Debug|Any CPU
		{D6CD8F14-5B36-479A-A44F-9AFE71BE2EB0}.Release|Any CPU.ActiveCfg = Release|Any CPU
		{D6CD8F14-5B36-479A-A44F-9AFE71BE2EB0}.Release|Any CPU.Build.0 = Release|Any CPU
		{9A74FFB4-3F2A-45B6-9261-A27E4D5AAEF7}.Debug|Any CPU.ActiveCfg = Debug|Any CPU
		{9A74FFB4-3F2A-45B6-9261-A27E4D5AAEF7}.Debug|Any CPU.Build.0 = Debug|Any CPU
		{9A74FFB4-3F2A-45B6-9261-A27E4D5AAEF7}.Release|Any CPU.ActiveCfg = Release|Any CPU
		{9A74FFB4-3F2A-45B6-9261-A27E4D5AAEF7}.Release|Any CPU.Build.0 = Release|Any CPU
		{640ED021-C955-4CBE-B95F-001081B13184}.Debug|Any CPU.ActiveCfg = Debug|Any CPU
		{640ED021-C955-4CBE-B95F-001081B13184}.Debug|Any CPU.Build.0 = Debug|Any CPU
		{640ED021-C955-4CBE-B95F-001081B13184}.Release|Any CPU.ActiveCfg = Release|Any CPU
		{640ED021-C955-4CBE-B95F-001081B13184}.Release|Any CPU.Build.0 = Release|Any CPU
		{E22D2F85-B3F0-44FA-B69A-44E1967823AE}.Debug|Any CPU.ActiveCfg = Debug|Any CPU
		{E22D2F85-B3F0-44FA-B69A-44E1967823AE}.Debug|Any CPU.Build.0 = Debug|Any CPU
		{E22D2F85-B3F0-44FA-B69A-44E1967823AE}.Release|Any CPU.ActiveCfg = Release|Any CPU
		{E22D2F85-B3F0-44FA-B69A-44E1967823AE}.Release|Any CPU.Build.0 = Release|Any CPU
	EndGlobalSection
	GlobalSection(SolutionProperties) = preSolution
		HideSolutionNode = FALSE
	EndGlobalSection
	GlobalSection(ExtensibilityGlobals) = postSolution
		SolutionGuid = {1F32E291-B055-4037-A2FF-D894B6FCF236}
	EndGlobalSection
EndGlobal
